
Microsoft Visual Studio Solution File, Format Version 12.00
# Visual Studio 15
VisualStudioVersion = 15.0.28010.2048
MinimumVisualStudioVersion = 10.0.40219.1
Project("{9A19103F-16F7-4668-BE54-9A1E7A4F7556}") = "SnapshotDemo", "SnapshotDemo\SnapshotDemo.csproj", "{D987D2B9-CA09-4871-9681-E2397D1C1CB3}"
EndProject
Global
	GlobalSection(SolutionConfigurationPlatforms) = preSolution
		Debug|Any CPU = Debug|Any CPU
		Release|Any CPU = Release|Any CPU
	EndGlobalSection
	GlobalSection(ProjectConfigurationPlatforms) = postSolution
		{D987D2B9-CA09-4871-9681-E2397D1C1CB3}.Debug|Any CPU.ActiveCfg = Debug|Any CPU
		{D987D2B9-CA09-4871-9681-E2397D1C1CB3}.Debug|Any CPU.Build.0 = Debug|Any CPU
		{D987D2B9-CA09-4871-9681-E2397D1C1CB3}.Release|Any CPU.ActiveCfg = Release|Any CPU
		{D987D2B9-CA09-4871-9681-E2397D1C1CB3}.Release|Any CPU.Build.0 = Release|Any CPU
	EndGlobalSection
	GlobalSection(SolutionProperties) = preSolution
		HideSolutionNode = FALSE
	EndGlobalSection
	GlobalSection(ExtensibilityGlobals) = postSolution
		SolutionGuid = {BF507F6A-B64B-4AB3-9C0D-E8891D39BA40}
	EndGlobalSection
EndGlobal
